
Microsoft Visual Studio Solution File, Format Version 12.00
# Visual Studio Version 17
VisualStudioVersion = 17.10.34928.147
MinimumVisualStudioVersion = 10.0.40219.1
Project("{FAE04EC0-301F-11D3-BF4B-00C04F79EFBC}") = "DA_AppBanDoCu", "DA_AppBanDoCu.csproj", "{77380E1C-867E-4F14-B82E-9B85F464C2B3}"
EndProject
Global
	GlobalSection(SolutionConfigurationPlatforms) = preSolution
		Debug|Any CPU = Debug|Any CPU
		Release|Any CPU = Release|Any CPU
	EndGlobalSection
	GlobalSection(ProjectConfigurationPlatforms) = postSolution
		{77380E1C-867E-4F14-B82E-9B85F464C2B3}.Debug|Any CPU.ActiveCfg = Debug|Any CPU
		{77380E1C-867E-4F14-B82E-9B85F464C2B3}.Debug|Any CPU.Build.0 = Debug|Any CPU
		{77380E1C-867E-4F14-B82E-9B85F464C2B3}.Release|Any CPU.ActiveCfg = Release|Any CPU
		{77380E1C-867E-4F14-B82E-9B85F464C2B3}.Release|Any CPU.Build.0 = Release|Any CPU
	EndGlobalSection
	GlobalSection(SolutionProperties) = preSolution
		HideSolutionNode = FALSE
	EndGlobalSection
	GlobalSection(ExtensibilityGlobals) = postSolution
		SolutionGuid = {76A4E937-BB1D-49AA-8AA2-9C359B7BB514}
	EndGlobalSection
EndGlobal
